#MicroXplorer Configuration settings - do not modify
File.Version=6
KeepUserPlacement=false
Mcu.CPN=STM32F103C8T6
Mcu.Family=STM32F1
Mcu.IP0=CAN
Mcu.IP1=NVIC
Mcu.IP2=RCC
Mcu.IP3=SYS
Mcu.IP4=TIM4
Mcu.IP5=USART1
Mcu.IP6=USART2
Mcu.IPNb=7
Mcu.Name=STM32F103C(8-B)Tx
Mcu.Package=LQFP48
Mcu.Pin0=PD0-OSC_IN
Mcu.Pin1=PD1-OSC_OUT
Mcu.Pin10=PB9
Mcu.Pin11=VP_SYS_VS_Systick
Mcu.Pin2=PA2
Mcu.Pin3=PA3
Mcu.Pin4=PA9
Mcu.Pin5=PA10
Mcu.Pin6=PA11
Mcu.Pin7=PA12
Mcu.Pin8=PB6
Mcu.Pin9=PB8
Mcu.PinsNb=12
Mcu.UserConstants=
Mcu.UserName=STM32F103C8Tx
CAN.BS1=CAN_BS1_13TQ
CAN.BS2=CAN_BS2_4TQ
CAN.CalculateBaudRate=500000
CAN.IPParameters=CalculateBaudRate,Prescaler,BS1,BS2,SJW
CAN.Prescaler=4
CAN.SJW=CAN_SJW_1TQ
NVIC.DMA1_Channel1_IRQn=true\:2\:0\:false\:false\:true\:true\:true
NVIC.SysTick_IRQn=true\:15\:0\:false\:false\:true\:false\:true
NVIC.USB_LP_CAN1_RX0_IRQn=true\:1\:0\:false\:false\:true\:true\:true
NVIC.USART1_IRQn=true\:3\:0\:false\:false\:true\:true\:true
PA10.Mode=Asynchronous
PA10.Signal=USART1_RX
PA11.Mode=CAN_Activate
PA11.Signal=CAN_RX
PA12.Mode=CAN_Activate
PA12.Signal=CAN_TX
PA2.Mode=Asynchronous
PA2.Signal=USART2_TX
PA3.Mode=Asynchronous
PA3.Signal=USART2_RX
PA9.Mode=Asynchronous
PA9.Signal=USART1_TX
PB6.Signal=S_TIM4_CH1
PB8.GPIOParameters=GPIO_Label
PB8.GPIO_Label=OLED_SCL
PB8.Locked=true
PB8.Signal=GPIO_Output
PB9.GPIOParameters=GPIO_Label
PB9.GPIO_Label=OLED_SDA
PB9.Locked=true
PB9.Signal=GPIO_Output
PD0-OSC_IN.Mode=HSE-External-Oscillator
PD0-OSC_IN.Signal=RCC_OSC_IN
PD1-OSC_OUT.Mode=HSE-External-Oscillator
PD1-OSC_OUT.Signal=RCC_OSC_OUT
ProjectManager.CompilerOptimize=2
ProjectManager.DeviceId=STM32F103C8Tx
ProjectManager.FirmwarePackage=STM32Cube FW_F1 V1.8.6
ProjectManager.ProjectName=observer_stm32f103
ProjectManager.TargetToolchain=STM32CubeIDE
ProjectManager.ToolChainLocation=
RCC.ADCFreqValue=12000000
RCC.AHBFreq_Value=72000000
RCC.APB1CLKDivider=RCC_HCLK_DIV2
RCC.APB1Freq_Value=36000000
RCC.APB1TimFreq_Value=72000000
RCC.APB2Freq_Value=72000000
RCC.FCLKCortexFreq_Value=72000000
RCC.HCLKFreq_Value=72000000
RCC.HSE_VALUE=8000000
RCC.IPParameters=ADC FreqValue,AHBFreq_Value,APB1CLKDivider,APB1Freq_Value,APB1TimFreq_Value,APB2Freq_Value,FCLKCortexFreq_Value,HCLKFreq_Value,HSE_VALUE,PLLCLKFreq_Value,PLLMCOFreq_Value,PLLMUL,SYSCLKFreq_VALUE,SYSCLKSource
RCC.PLLCLKFreq_Value=72000000
RCC.PLLMCOFreq_Value=36000000
RCC.PLLMUL=RCC_PLL_MUL9
RCC.SYSCLKFreq_VALUE=72000000
RCC.SYSCLKSource=RCC_SYSCLKSOURCE_PLLCLK
TIM4.Channel-PWM\ Generation1\ CH1=TIM_CHANNEL_1
TIM4.IPParameters=Channel-PWM Generation1 CH1,Prescaler,Period
TIM4.Period=89
TIM4.Prescaler=0
USART1.BaudRate=9600
USART1.IPParameters=VirtualMode,BaudRate
USART1.VirtualMode=VM_ASYNC
USART2.BaudRate=115200
USART2.IPParameters=VirtualMode,BaudRate
USART2.VirtualMode=VM_ASYNC
VP_SYS_VS_Systick.Mode=SysTick
VP_SYS_VS_Systick.Signal=SYS_VS_Systick
